
Microsoft Visual Studio Solution File, Format Version 12.00
# Visual Studio Version 17
VisualStudioVersion = 17.5.002.0
MinimumVisualStudioVersion = 10.0.40219.1
Project("{9A19103F-16F7-4668-BE54-9A1E7A4F7556}") = "SistemaDeBanco", "SistemaDeBanco.csproj", "{14FCC3D8-3571-45BC-8529-45F461A80BD9}"
EndProject
Global
	GlobalSection(SolutionConfigurationPlatforms) = preSolution
		Debug|Any CPU = Debug|Any CPU
		Release|Any CPU = Release|Any CPU
	EndGlobalSection
	GlobalSection(ProjectConfigurationPlatforms) = postSolution
		{14FCC3D8-3571-45BC-8529-45F461A80BD9}.Debug|Any CPU.ActiveCfg = Debug|Any CPU
		{14FCC3D8-3571-45BC-8529-45F461A80BD9}.Debug|Any CPU.Build.0 = Debug|Any CPU
		{14FCC3D8-3571-45BC-8529-45F461A80BD9}.Release|Any CPU.ActiveCfg = Release|Any CPU
		{14FCC3D8-3571-45BC-8529-45F461A80BD9}.Release|Any CPU.Build.0 = Release|Any CPU
	EndGlobalSection
	GlobalSection(SolutionProperties) = preSolution
		HideSolutionNode = FALSE
	EndGlobalSection
	GlobalSection(ExtensibilityGlobals) = postSolution
		SolutionGuid = {94E4896D-98CB-48E5-9518-D9434504B3AC}
	EndGlobalSection
EndGlobal
